// !$*UTF8*$!
{
	archiveVersion = 1;
	classes = {
	};
	objectVersion = 77;
	objects = {

/* Begin PBXBuildFile section */
		26D2F8CA78784F41BC091424 /* QdrantEdge in Frameworks */ = {isa = PBXBuildFile; productRef = B26FCC80CED0434C80ACA8E8 /* QdrantEdge */; };
/* End PBXBuildFile section */

/* Begin PBXFileReference section */
		B583F606A9024581BBDB2C6A /* Info.plist */ = {isa = PBXFileReference; lastKnownFileType = text.plist.xml; path = Info.plist; sourceTree = "<group>"; };
		DC85130F4E434EE49DD4BE1A /* QdrantPhotoSweep.app */ = {isa = PBXFileReference; explicitFileType = wrapper.application; includeInIndex = 0; path = QdrantPhotoSweep.app; sourceTree = BUILT_PRODUCTS_DIR; };
/* End PBXFileReference section */

/* Begin PBXFileSystemSynchronizedRootGroup section */
		EE000001000000000000EE01 /* Sources */ = {isa = PBXFileSystemSynchronizedRootGroup; explicitFileTypes = {}; explicitFolders = (); path = Sources; sourceTree = "<group>"; };
/* End PBXFileSystemSynchronizedRootGroup section */

/* Begin PBXFrameworksBuildPhase section */
		D78134D34030485C923B12F2 /* Frameworks */ = {
			isa = PBXFrameworksBuildPhase;
			buildActionMask = 2147483647;
			files = (
				26D2F8CA78784F41BC091424 /* QdrantEdge in Frameworks */,
			);
			runOnlyForDeploymentPostprocessing = 0;
		};
/* End PBXFrameworksBuildPhase section */

/* Begin PBXGroup section */
		6D47939F097641369B8C2033 /* Products */ = {
			isa = PBXGroup;
			children = (
				DC85130F4E434EE49DD4BE1A /* QdrantPhotoSweep.app */,
			);
			name = Products;
			sourceTree = "<group>";
		};
		6DA7CBDCB65543BC8E8D125D = {
			isa = PBXGroup;
			children = (
				B583F606A9024581BBDB2C6A /* Info.plist */,
				EE000001000000000000EE01 /* Sources */,
				6D47939F097641369B8C2033 /* Products */,
			);
			sourceTree = "<group>";
		};
/* End PBXGroup section */

/* Begin PBXNativeTarget section */
		EDCD1D55ECED461796CF09C6 /* QdrantPhotoSweep */ = {
			isa = PBXNativeTarget;
			buildConfigurationList = D5BA2ED47FAB4523A740DC07 /* Build configuration list for PBXNativeTarget "QdrantPhotoSweep" */;
			buildPhases = (
				DAA87EF65FD44163AA369BE8 /* Sources */,
				D78134D34030485C923B12F2 /* Frameworks */,
				A236ADBAD1374A28A9BE2F60 /* Resources */,
				BB000001000000000000BBBB /* Bump Build Number */,
			);
			buildRules = (
			);
			dependencies = (
			);
			fileSystemSynchronizedGroups = (
				EE000001000000000000EE01 /* Sources */,
			);
			name = QdrantPhotoSweep;
			packageProductDependencies = (
				B26FCC80CED0434C80ACA8E8 /* QdrantEdge */,
			);
			productName = QdrantPhotoSweep;
			productReference = DC85130F4E434EE49DD4BE1A /* QdrantPhotoSweep.app */;
			productType = "com.apple.product-type.application";
		};
/* End PBXNativeTarget section */

/* Begin PBXProject section */
		3042E4B0EE994E2E9CF3C72F /* Project object */ = {
			isa = PBXProject;
			attributes = {
			};
			buildConfigurationList = DA7BCE33DA714D6FB825A47B /* Build configuration list for PBXProject "QdrantPhotoSweep" */;
			compatibilityVersion = "Xcode 16.0";
			developmentRegion = en;
			hasScannedForEncodings = 0;
			knownRegions = (
				en,
				Base,
			);
			mainGroup = 6DA7CBDCB65543BC8E8D125D;
			packageReferences = (
				831EDF9A26B0445380104FB1 /* XCLocalSwiftPackageReference "../.." */,
			);
			productRefGroup = 6D47939F097641369B8C2033 /* Products */;
			projectDirPath = "";
			projectRoot = "";
			targets = (
				EDCD1D55ECED461796CF09C6 /* QdrantPhotoSweep */,
			);
		};
/* End PBXProject section */

/* Begin PBXResourcesBuildPhase section */
		A236ADBAD1374A28A9BE2F60 /* Resources */ = {
			isa = PBXResourcesBuildPhase;
			buildActionMask = 2147483647;
			files = (
			);
			runOnlyForDeploymentPostprocessing = 0;
		};
/* End PBXResourcesBuildPhase section */

/* Begin PBXShellScriptBuildPhase section */
		BB000001000000000000BBBB /* Bump Build Number */ = {
			isa = PBXShellScriptBuildPhase;
			buildActionMask = 2147483647;
			files = (
			);
			inputPaths = (
			);
			name = "Bump Build Number";
			outputPaths = (
			);
			runOnlyForDeploymentPostprocessing = 0;
			shellPath = /bin/sh;
			shellScript = "build_number=$(git rev-list --count HEAD 2>/dev/null || echo \"1\")\n/usr/libexec/PlistBuddy -c \"Set :CFBundleVersion $build_number\" \"${TARGET_BUILD_DIR}/${INFOPLIST_PATH}\"\necho \"Build number set to $build_number (git commit count)\"\n";
		};
/* End PBXShellScriptBuildPhase section */

/* Begin PBXSourcesBuildPhase section */
		DAA87EF65FD44163AA369BE8 /* Sources */ = {
			isa = PBXSourcesBuildPhase;
			buildActionMask = 2147483647;
			files = (
			);
			runOnlyForDeploymentPostprocessing = 0;
		};
/* End PBXSourcesBuildPhase section */

/* Begin XCBuildConfiguration section */
		242D398349534B768EAE9D26 /* Release */ = {
			isa = XCBuildConfiguration;
			buildSettings = {
				ASSETCATALOG_COMPILER_APPICON_NAME = AppIcon;
				ASSETCATALOG_COMPILER_GLOBAL_ACCENT_COLOR_NAME = AccentColor;
				CODE_SIGN_STYLE = Automatic;
				CURRENT_PROJECT_VERSION = 5;
				DEVELOPMENT_TEAM = 4X6Z72XC2U;
				GENERATE_INFOPLIST_FILE = NO;
				INFOPLIST_FILE = Info.plist;
				INFOPLIST_KEY_UIApplicationSceneManifest_Generation = YES;
				LD_RUNPATH_SEARCH_PATHS = (
					"$(inherited)",
					"@executable_path/Frameworks",
				);
				MARKETING_VERSION = 0.1.0;
				PRODUCT_BUNDLE_IDENTIFIER = com.qdrant.edge.QdrantPhotoSweep;
				PRODUCT_NAME = "$(TARGET_NAME)";
				SWIFT_EMIT_LOC_STRINGS = YES;
				SWIFT_VERSION = 5.0;
				TARGETED_DEVICE_FAMILY = "1,2";
			};
			name = Release;
		};
		3C4272C1FFB54EDB90097522 /* Release */ = {
			isa = XCBuildConfiguration;
			buildSettings = {
				ALWAYS_SEARCH_USER_PATHS = NO;
				CLANG_ANALYZER_NONNULL = YES;
				CLANG_CXX_LANGUAGE_STANDARD = "gnu++20";
				CLANG_ENABLE_MODULES = YES;
				CLANG_ENABLE_OBJC_ARC = YES;
				COPY_PHASE_STRIP = NO;
				DEBUG_INFORMATION_FORMAT = "dwarf-with-dsym";
				ENABLE_NS_ASSERTIONS = NO;
				ENABLE_STRICT_OBJC_MSGSEND = YES;
				GCC_WARN_64_TO_32_BIT_CONVERSION = YES;
				GCC_WARN_ABOUT_RETURN_TYPE = YES_ERROR;
				GCC_WARN_UNINITIALIZED_AUTOS = YES_AGGRESSIVE;
				GCC_WARN_UNUSED_FUNCTION = YES;
				GCC_WARN_UNUSED_VARIABLE = YES;
				IPHONEOS_DEPLOYMENT_TARGET = 17.0;
				MTL_ENABLE_DEBUG_INFO = NO;
				MTL_FAST_MATH = YES;
				SDKROOT = iphoneos;
				SWIFT_COMPILATION_MODE = wholemodule;
				SWIFT_OPTIMIZATION_LEVEL = "-O";
				VALIDATE_PRODUCT = YES;
				VERSIONING_SYSTEM = "apple-generic";
			};
			name = Release;
		};
		D71ABB1C0AFB4D5D8FF4D549 /* Debug */ = {
			isa = XCBuildConfiguration;
			buildSettings = {
				ALWAYS_SEARCH_USER_PATHS = NO;
				CLANG_ANALYZER_NONNULL = YES;
				CLANG_CXX_LANGUAGE_STANDARD = "gnu++20";
				CLANG_ENABLE_MODULES = YES;
				CLANG_ENABLE_OBJC_ARC = YES;
				COPY_PHASE_STRIP = NO;
				DEBUG_INFORMATION_FORMAT = dwarf;
				ENABLE_STRICT_OBJC_MSGSEND = YES;
				ENABLE_TESTABILITY = YES;
				GCC_DYNAMIC_NO_PIC = NO;
				GCC_OPTIMIZATION_LEVEL = 0;
				GCC_PREPROCESSOR_DEFINITIONS = (
					"DEBUG=1",
					"$(inherited)",
				);
				GCC_WARN_64_TO_32_BIT_CONVERSION = YES;
				GCC_WARN_ABOUT_RETURN_TYPE = YES_ERROR;
				GCC_WARN_UNINITIALIZED_AUTOS = YES_AGGRESSIVE;
				GCC_WARN_UNUSED_FUNCTION = YES;
				GCC_WARN_UNUSED_VARIABLE = YES;
				IPHONEOS_DEPLOYMENT_TARGET = 17.0;
				MTL_ENABLE_DEBUG_INFO = INCLUDE_SOURCE;
				MTL_FAST_MATH = YES;
				ONLY_ACTIVE_ARCH = YES;
				SDKROOT = iphoneos;
				SWIFT_ACTIVE_COMPILATION_CONDITIONS = DEBUG;
				SWIFT_OPTIMIZATION_LEVEL = "-Onone";
				VERSIONING_SYSTEM = "apple-generic";
			};
			name = Debug;
		};
		F35652DE5E5246499F05A933 /* Debug */ = {
			isa = XCBuildConfiguration;
			buildSettings = {
				ASSETCATALOG_COMPILER_APPICON_NAME = AppIcon;
				ASSETCATALOG_COMPILER_GLOBAL_ACCENT_COLOR_NAME = AccentColor;
				CODE_SIGN_STYLE = Automatic;
				CURRENT_PROJECT_VERSION = 5;
				DEVELOPMENT_TEAM = 4X6Z72XC2U;
				GENERATE_INFOPLIST_FILE = NO;
				INFOPLIST_FILE = Info.plist;
				INFOPLIST_KEY_UIApplicationSceneManifest_Generation = YES;
				LD_RUNPATH_SEARCH_PATHS = (
					"$(inherited)",
					"@executable_path/Frameworks",
				);
				MARKETING_VERSION = 0.1.0;
				PRODUCT_BUNDLE_IDENTIFIER = com.qdrant.edge.QdrantPhotoSweep;
				PRODUCT_NAME = "$(TARGET_NAME)";
				SWIFT_EMIT_LOC_STRINGS = YES;
				SWIFT_VERSION = 5.0;
				TARGETED_DEVICE_FAMILY = "1,2";
			};
			name = Debug;
		};
/* End XCBuildConfiguration section */

/* Begin XCConfigurationList section */
		D5BA2ED47FAB4523A740DC07 /* Build configuration list for PBXNativeTarget "QdrantPhotoSweep" */ = {
			isa = XCConfigurationList;
			buildConfigurations = (
				F35652DE5E5246499F05A933 /* Debug */,
				242D398349534B768EAE9D26 /* Release */,
			);
			defaultConfigurationIsVisible = 0;
			defaultConfigurationName = Release;
		};
		DA7BCE33DA714D6FB825A47B /* Build configuration list for PBXProject "QdrantPhotoSweep" */ = {
			isa = XCConfigurationList;
			buildConfigurations = (
				D71ABB1C0AFB4D5D8FF4D549 /* Debug */,
				3C4272C1FFB54EDB90097522 /* Release */,
			);
			defaultConfigurationIsVisible = 0;
			defaultConfigurationName = Release;
		};
/* End XCConfigurationList section */

/* Begin XCLocalSwiftPackageReference section */
		831EDF9A26B0445380104FB1 /* XCLocalSwiftPackageReference "../.." */ = {
			isa = XCLocalSwiftPackageReference;
			relativePath = ../..;
		};
/* End XCLocalSwiftPackageReference section */

/* Begin XCSwiftPackageProductDependency section */
		B26FCC80CED0434C80ACA8E8 /* QdrantEdge */ = {
			isa = XCSwiftPackageProductDependency;
			package = 831EDF9A26B0445380104FB1 /* XCLocalSwiftPackageReference "../.." */;
			productName = QdrantEdge;
		};
/* End XCSwiftPackageProductDependency section */
	};
	rootObject = 3042E4B0EE994E2E9CF3C72F /* Project object */;
}
